// !$*UTF8*$!
{
	archiveVersion = 1;
	classes = {
	};
	objectVersion = 46;
	objects = {

/* Begin PBXBuildFile section */
		935EC9C61F880AEA0056AE2D /* netflix.js in Resources */ = {isa = PBXBuildFile; fileRef = 935EC9C51F880AE50056AE2D /* netflix.js */; };
		93BF3CA61EEDB27C00E04322 /* AppDelegate.swift in Sources */ = {isa = PBXBuildFile; fileRef = 93BF3CA51EEDB27C00E04322 /* AppDelegate.swift */; };
		93BF3CA81EEDB27C00E04322 /* ViewController.swift in Sources */ = {isa = PBXBuildFile; fileRef = 93BF3CA71EEDB27C00E04322 /* ViewController.swift */; };
		93BF3CAA1EEDB27C00E04322 /* Assets.xcassets in Resources */ = {isa = PBXBuildFile; fileRef = 93BF3CA91EEDB27C00E04322 /* Assets.xcassets */; };
		93BF3CAD1EEDB27C00E04322 /* Main.storyboard in Resources */ = {isa = PBXBuildFile; fileRef = 93BF3CAB1EEDB27C00E04322 /* Main.storyboard */; };
		93BF3CBB1EEDB2E200E04322 /* Cocoa.framework in Frameworks */ = {isa = PBXBuildFile; fileRef = 93BF3CBA1EEDB2E200E04322 /* Cocoa.framework */; };
		93BF3CC01EEDB2E200E04322 /* SafariExtensionHandler.swift in Sources */ = {isa = PBXBuildFile; fileRef = 93BF3CBF1EEDB2E200E04322 /* SafariExtensionHandler.swift */; };
		93BF3CC21EEDB2E200E04322 /* SafariExtensionViewController.swift in Sources */ = {isa = PBXBuildFile; fileRef = 93BF3CC11EEDB2E200E04322 /* SafariExtensionViewController.swift */; };
		93BF3CC51EEDB2E200E04322 /* SafariExtensionViewController.xib in Resources */ = {isa = PBXBuildFile; fileRef = 93BF3CC31EEDB2E200E04322 /* SafariExtensionViewController.xib */; };
		93BF3CCD1EEDB2E200E04322 /* NoSummaryForYouSafariExtension.appex in Embed App Extensions */ = {isa = PBXBuildFile; fileRef = 93BF3CB81EEDB2E200E04322 /* NoSummaryForYouSafariExtension.appex */; settings = {ATTRIBUTES = (RemoveHeadersOnCopy, ); }; };
		93BF3CD61EEDCB0C00E04322 /* netflix.css in Resources */ = {isa = PBXBuildFile; fileRef = 93BF3CD51EEDCB0C00E04322 /* netflix.css */; };
		93C217751FF1424B00AEAA21 /* ToolbarItemIconDisabled.pdf in Resources */ = {isa = PBXBuildFile; fileRef = 93C217731FF140D500AEAA21 /* ToolbarItemIconDisabled.pdf */; };
		93C217761FF1424B00AEAA21 /* ToolbarItemIconEnabled.pdf in Resources */ = {isa = PBXBuildFile; fileRef = 93C217741FF140DD00AEAA21 /* ToolbarItemIconEnabled.pdf */; };
/* End PBXBuildFile section */

/* Begin PBXContainerItemProxy section */
		93BF3CCB1EEDB2E200E04322 /* PBXContainerItemProxy */ = {
			isa = PBXContainerItemProxy;
			containerPortal = 93BF3C9A1EEDB27C00E04322 /* Project object */;
			proxyType = 1;
			remoteGlobalIDString = 93BF3CB71EEDB2E200E04322;
			remoteInfo = NoSummaryForYouSafariExtension;
		};
/* End PBXContainerItemProxy section */

/* Begin PBXCopyFilesBuildPhase section */
		93BF3CD11EEDB2E200E04322 /* Embed App Extensions */ = {
			isa = PBXCopyFilesBuildPhase;
			buildActionMask = 2147483647;
			dstPath = "";
			dstSubfolderSpec = 13;
			files = (
				93BF3CCD1EEDB2E200E04322 /* NoSummaryForYouSafariExtension.appex in Embed App Extensions */,
			);
			name = "Embed App Extensions";
			runOnlyForDeploymentPostprocessing = 0;
		};
/* End PBXCopyFilesBuildPhase section */

/* Begin PBXFileReference section */
		935EC9C51F880AE50056AE2D /* netflix.js */ = {isa = PBXFileReference; lastKnownFileType = sourcecode.javascript; path = netflix.js; sourceTree = "<group>"; };
		93BF3CA21EEDB27C00E04322 /* NoSummaryForYou.app */ = {isa = PBXFileReference; explicitFileType = wrapper.application; includeInIndex = 0; path = NoSummaryForYou.app; sourceTree = BUILT_PRODUCTS_DIR; };
		93BF3CA51EEDB27C00E04322 /* AppDelegate.swift */ = {isa = PBXFileReference; lastKnownFileType = sourcecode.swift; path = AppDelegate.swift; sourceTree = "<group>"; };
		93BF3CA71EEDB27C00E04322 /* ViewController.swift */ = {isa = PBXFileReference; lastKnownFileType = sourcecode.swift; path = ViewController.swift; sourceTree = "<group>"; };
		93BF3CA91EEDB27C00E04322 /* Assets.xcassets */ = {isa = PBXFileReference; lastKnownFileType = folder.assetcatalog; path = Assets.xcassets; sourceTree = "<group>"; };
		93BF3CAC1EEDB27C00E04322 /* Base */ = {isa = PBXFileReference; lastKnownFileType = file.storyboard; name = Base; path = Base.lproj/Main.storyboard; sourceTree = "<group>"; };
		93BF3CAE1EEDB27C00E04322 /* Info.plist */ = {isa = PBXFileReference; lastKnownFileType = text.plist.xml; path = Info.plist; sourceTree = "<group>"; };
		93BF3CB81EEDB2E200E04322 /* NoSummaryForYouSafariExtension.appex */ = {isa = PBXFileReference; explicitFileType = "wrapper.app-extension"; includeInIndex = 0; path = NoSummaryForYouSafariExtension.appex; sourceTree = BUILT_PRODUCTS_DIR; };
		93BF3CBA1EEDB2E200E04322 /* Cocoa.framework */ = {isa = PBXFileReference; lastKnownFileType = wrapper.framework; name = Cocoa.framework; path = System/Library/Frameworks/Cocoa.framework; sourceTree = SDKROOT; };
		93BF3CBE1EEDB2E200E04322 /* NoSummaryForYouSafariExtension.entitlements */ = {isa = PBXFileReference; lastKnownFileType = text.plist.entitlements; path = NoSummaryForYouSafariExtension.entitlements; sourceTree = "<group>"; };
		93BF3CBF1EEDB2E200E04322 /* SafariExtensionHandler.swift */ = {isa = PBXFileReference; lastKnownFileType = sourcecode.swift; path = SafariExtensionHandler.swift; sourceTree = "<group>"; };
		93BF3CC11EEDB2E200E04322 /* SafariExtensionViewController.swift */ = {isa = PBXFileReference; lastKnownFileType = sourcecode.swift; path = SafariExtensionViewController.swift; sourceTree = "<group>"; };
		93BF3CC41EEDB2E200E04322 /* Base */ = {isa = PBXFileReference; lastKnownFileType = file.xib; name = Base; path = Base.lproj/SafariExtensionViewController.xib; sourceTree = "<group>"; };
		93BF3CC61EEDB2E200E04322 /* Info.plist */ = {isa = PBXFileReference; lastKnownFileType = text.plist.xml; path = Info.plist; sourceTree = "<group>"; };
		93BF3CD51EEDCB0C00E04322 /* netflix.css */ = {isa = PBXFileReference; fileEncoding = 4; lastKnownFileType = text.css; path = netflix.css; sourceTree = "<group>"; };
		93C217731FF140D500AEAA21 /* ToolbarItemIconDisabled.pdf */ = {isa = PBXFileReference; lastKnownFileType = image.pdf; path = ToolbarItemIconDisabled.pdf; sourceTree = "<group>"; };
		93C217741FF140DD00AEAA21 /* ToolbarItemIconEnabled.pdf */ = {isa = PBXFileReference; lastKnownFileType = image.pdf; path = ToolbarItemIconEnabled.pdf; sourceTree = "<group>"; };
/* End PBXFileReference section */

/* Begin PBXFrameworksBuildPhase section */
		93BF3C9F1EEDB27C00E04322 /* Frameworks */ = {
			isa = PBXFrameworksBuildPhase;
			buildActionMask = 2147483647;
			files = (
			);
			runOnlyForDeploymentPostprocessing = 0;
		};
		93BF3CB51EEDB2E200E04322 /* Frameworks */ = {
			isa = PBXFrameworksBuildPhase;
			buildActionMask = 2147483647;
			files = (
				93BF3CBB1EEDB2E200E04322 /* Cocoa.framework in Frameworks */,
			);
			runOnlyForDeploymentPostprocessing = 0;
		};
/* End PBXFrameworksBuildPhase section */

/* Begin PBXGroup section */
		935EC9C11F88040D0056AE2D /* Scripts */ = {
			isa = PBXGroup;
			children = (
				935EC9C51F880AE50056AE2D /* netflix.js */,
			);
			path = Scripts;
			sourceTree = "<group>";
		};
		93BF3C991EEDB27C00E04322 = {
			isa = PBXGroup;
			children = (
				93BF3CA41EEDB27C00E04322 /* NoSummaryForYou */,
				93BF3CBC1EEDB2E200E04322 /* NoSummaryForYouSafariExtension */,
				93BF3CB91EEDB2E200E04322 /* Frameworks */,
				93BF3CA31EEDB27C00E04322 /* Products */,
			);
			sourceTree = "<group>";
		};
		93BF3CA31EEDB27C00E04322 /* Products */ = {
			isa = PBXGroup;
			children = (
				93BF3CA21EEDB27C00E04322 /* NoSummaryForYou.app */,
				93BF3CB81EEDB2E200E04322 /* NoSummaryForYouSafariExtension.appex */,
			);
			name = Products;
			sourceTree = "<group>";
		};
		93BF3CA41EEDB27C00E04322 /* NoSummaryForYou */ = {
			isa = PBXGroup;
			children = (
				93BF3CA51EEDB27C00E04322 /* AppDelegate.swift */,
				93BF3CA71EEDB27C00E04322 /* ViewController.swift */,
				93BF3CA91EEDB27C00E04322 /* Assets.xcassets */,
				93BF3CAB1EEDB27C00E04322 /* Main.storyboard */,
				93BF3CAE1EEDB27C00E04322 /* Info.plist */,
			);
			path = NoSummaryForYou;
			sourceTree = "<group>";
		};
		93BF3CB91EEDB2E200E04322 /* Frameworks */ = {
			isa = PBXGroup;
			children = (
				93BF3CBA1EEDB2E200E04322 /* Cocoa.framework */,
			);
			name = Frameworks;
			sourceTree = "<group>";
		};
		93BF3CBC1EEDB2E200E04322 /* NoSummaryForYouSafariExtension */ = {
			isa = PBXGroup;
			children = (
				93BF3CBF1EEDB2E200E04322 /* SafariExtensionHandler.swift */,
				93BF3CC11EEDB2E200E04322 /* SafariExtensionViewController.swift */,
				93BF3CC31EEDB2E200E04322 /* SafariExtensionViewController.xib */,
				93BF3CC61EEDB2E200E04322 /* Info.plist */,
				935EC9C11F88040D0056AE2D /* Scripts */,
				93BF3CD41EEDCB0C00E04322 /* Styles */,
				93C217731FF140D500AEAA21 /* ToolbarItemIconDisabled.pdf */,
				93C217741FF140DD00AEAA21 /* ToolbarItemIconEnabled.pdf */,
				93BF3CBD1EEDB2E200E04322 /* Supporting Files */,
			);
			path = NoSummaryForYouSafariExtension;
			sourceTree = "<group>";
		};
		93BF3CBD1EEDB2E200E04322 /* Supporting Files */ = {
			isa = PBXGroup;
			children = (
				93BF3CBE1EEDB2E200E04322 /* NoSummaryForYouSafariExtension.entitlements */,
			);
			name = "Supporting Files";
			sourceTree = "<group>";
		};
		93BF3CD41EEDCB0C00E04322 /* Styles */ = {
			isa = PBXGroup;
			children = (
				93BF3CD51EEDCB0C00E04322 /* netflix.css */,
			);
			path = Styles;
			sourceTree = "<group>";
		};
/* End PBXGroup section */

/* Begin PBXNativeTarget section */
		93BF3CA11EEDB27C00E04322 /* NoSummaryForYou */ = {
			isa = PBXNativeTarget;
			buildConfigurationList = 93BF3CB11EEDB27C00E04322 /* Build configuration list for PBXNativeTarget "NoSummaryForYou" */;
			buildPhases = (
				93BF3C9E1EEDB27C00E04322 /* Sources */,
				93BF3C9F1EEDB27C00E04322 /* Frameworks */,
				93BF3CA01EEDB27C00E04322 /* Resources */,
				93BF3CD11EEDB2E200E04322 /* Embed App Extensions */,
			);
			buildRules = (
			);
			dependencies = (
				93BF3CCC1EEDB2E200E04322 /* PBXTargetDependency */,
			);
			name = NoSummaryForYou;
			productName = NoSummaryForYou;
			productReference = 93BF3CA21EEDB27C00E04322 /* NoSummaryForYou.app */;
			productType = "com.apple.product-type.application";
		};
		93BF3CB71EEDB2E200E04322 /* NoSummaryForYouSafariExtension */ = {
			isa = PBXNativeTarget;
			buildConfigurationList = 93BF3CCE1EEDB2E200E04322 /* Build configuration list for PBXNativeTarget "NoSummaryForYouSafariExtension" */;
			buildPhases = (
				93BF3CB41EEDB2E200E04322 /* Sources */,
				93BF3CB51EEDB2E200E04322 /* Frameworks */,
				93BF3CB61EEDB2E200E04322 /* Resources */,
			);
			buildRules = (
			);
			dependencies = (
			);
			name = NoSummaryForYouSafariExtension;
			productName = NoSummaryForYouSafariExtension;
			productReference = 93BF3CB81EEDB2E200E04322 /* NoSummaryForYouSafariExtension.appex */;
			productType = "com.apple.product-type.app-extension";
		};
/* End PBXNativeTarget section */

/* Begin PBXProject section */
		93BF3C9A1EEDB27C00E04322 /* Project object */ = {
			isa = PBXProject;
			attributes = {
				LastSwiftUpdateCheck = 0830;
				LastUpgradeCheck = 0900;
				ORGANIZATIONNAME = "Cocoabeans Software";
				TargetAttributes = {
					93BF3CA11EEDB27C00E04322 = {
						CreatedOnToolsVersion = 8.3.2;
						DevelopmentTeam = 666L949UND;
						LastSwiftMigration = 0900;
						ProvisioningStyle = Automatic;
					};
					93BF3CB71EEDB2E200E04322 = {
						CreatedOnToolsVersion = 8.3.2;
						DevelopmentTeam = 666L949UND;
						LastSwiftMigration = 0900;
						ProvisioningStyle = Automatic;
					};
				};
			};
			buildConfigurationList = 93BF3C9D1EEDB27C00E04322 /* Build configuration list for PBXProject "NoSummaryForYou" */;
			compatibilityVersion = "Xcode 3.2";
			developmentRegion = English;
			hasScannedForEncodings = 0;
			knownRegions = (
				en,
				Base,
			);
			mainGroup = 93BF3C991EEDB27C00E04322;
			productRefGroup = 93BF3CA31EEDB27C00E04322 /* Products */;
			projectDirPath = "";
			projectRoot = "";
			targets = (
				93BF3CA11EEDB27C00E04322 /* NoSummaryForYou */,
				93BF3CB71EEDB2E200E04322 /* NoSummaryForYouSafariExtension */,
			);
		};
/* End PBXProject section */

/* Begin PBXResourcesBuildPhase section */
		93BF3CA01EEDB27C00E04322 /* Resources */ = {
			isa = PBXResourcesBuildPhase;
			buildActionMask = 2147483647;
			files = (
				93BF3CAA1EEDB27C00E04322 /* Assets.xcassets in Resources */,
				93BF3CAD1EEDB27C00E04322 /* Main.storyboard in Resources */,
			);
			runOnlyForDeploymentPostprocessing = 0;
		};
		93BF3CB61EEDB2E200E04322 /* Resources */ = {
			isa = PBXResourcesBuildPhase;
			buildActionMask = 2147483647;
			files = (
				93C217751FF1424B00AEAA21 /* ToolbarItemIconDisabled.pdf in Resources */,
				93C217761FF1424B00AEAA21 /* ToolbarItemIconEnabled.pdf in Resources */,
				935EC9C61F880AEA0056AE2D /* netflix.js in Resources */,
				93BF3CD61EEDCB0C00E04322 /* netflix.css in Resources */,
				93BF3CC51EEDB2E200E04322 /* SafariExtensionViewController.xib in Resources */,
			);
			runOnlyForDeploymentPostprocessing = 0;
		};
/* End PBXResourcesBuildPhase section */

/* Begin PBXSourcesBuildPhase section */
		93BF3C9E1EEDB27C00E04322 /* Sources */ = {
			isa = PBXSourcesBuildPhase;
			buildActionMask = 2147483647;
			files = (
				93BF3CA81EEDB27C00E04322 /* ViewController.swift in Sources */,
				93BF3CA61EEDB27C00E04322 /* AppDelegate.swift in Sources */,
			);
			runOnlyForDeploymentPostprocessing = 0;
		};
		93BF3CB41EEDB2E200E04322 /* Sources */ = {
			isa = PBXSourcesBuildPhase;
			buildActionMask = 2147483647;
			files = (
				93BF3CC21EEDB2E200E04322 /* SafariExtensionViewController.swift in Sources */,
				93BF3CC01EEDB2E200E04322 /* SafariExtensionHandler.swift in Sources */,
			);
			runOnlyForDeploymentPostprocessing = 0;
		};
/* End PBXSourcesBuildPhase section */

/* Begin PBXTargetDependency section */
		93BF3CCC1EEDB2E200E04322 /* PBXTargetDependency */ = {
			isa = PBXTargetDependency;
			target = 93BF3CB71EEDB2E200E04322 /* NoSummaryForYouSafariExtension */;
			targetProxy = 93BF3CCB1EEDB2E200E04322 /* PBXContainerItemProxy */;
		};
/* End PBXTargetDependency section */

/* Begin PBXVariantGroup section */
		93BF3CAB1EEDB27C00E04322 /* Main.storyboard */ = {
			isa = PBXVariantGroup;
			children = (
				93BF3CAC1EEDB27C00E04322 /* Base */,
			);
			name = Main.storyboard;
			sourceTree = "<group>";
		};
		93BF3CC31EEDB2E200E04322 /* SafariExtensionViewController.xib */ = {
			isa = PBXVariantGroup;
			children = (
				93BF3CC41EEDB2E200E04322 /* Base */,
			);
			name = SafariExtensionViewController.xib;
			sourceTree = "<group>";
		};
/* End PBXVariantGroup section */

/* Begin XCBuildConfiguration section */
		93BF3CAF1EEDB27C00E04322 /* Debug */ = {
			isa = XCBuildConfiguration;
			buildSettings = {
				ALWAYS_SEARCH_USER_PATHS = NO;
				CLANG_ANALYZER_NONNULL = YES;
				CLANG_ANALYZER_NUMBER_OBJECT_CONVERSION = YES_AGGRESSIVE;
				CLANG_CXX_LANGUAGE_STANDARD = "gnu++0x";
				CLANG_CXX_LIBRARY = "libc++";
				CLANG_ENABLE_MODULES = YES;
				CLANG_ENABLE_OBJC_ARC = YES;
				CLANG_WARN_BLOCK_CAPTURE_AUTORELEASING = YES;
				CLANG_WARN_BOOL_CONVERSION = YES;
				CLANG_WARN_COMMA = YES;
				CLANG_WARN_CONSTANT_CONVERSION = YES;
				CLANG_WARN_DIRECT_OBJC_ISA_USAGE = YES_ERROR;
				CLANG_WARN_DOCUMENTATION_COMMENTS = YES;
				CLANG_WARN_EMPTY_BODY = YES;
				CLANG_WARN_ENUM_CONVERSION = YES;
				CLANG_WARN_INFINITE_RECURSION = YES;
				CLANG_WARN_INT_CONVERSION = YES;
				CLANG_WARN_NON_LITERAL_NULL_CONVERSION = YES;
				CLANG_WARN_OBJC_LITERAL_CONVERSION = YES;
				CLANG_WARN_OBJC_ROOT_CLASS = YES_ERROR;
				CLANG_WARN_RANGE_LOOP_ANALYSIS = YES;
				CLANG_WARN_STRICT_PROTOTYPES = YES;
				CLANG_WARN_SUSPICIOUS_MOVE = YES;
				CLANG_WARN_UNREACHABLE_CODE = YES;
				CLANG_WARN__DUPLICATE_METHOD_MATCH = YES;
				CODE_SIGN_IDENTITY = "-";
				COPY_PHASE_STRIP = NO;
				DEBUG_INFORMATION_FORMAT = dwarf;
				ENABLE_STRICT_OBJC_MSGSEND = YES;
				ENABLE_TESTABILITY = YES;
				GCC_C_LANGUAGE_STANDARD = gnu99;
				GCC_DYNAMIC_NO_PIC = NO;
				GCC_NO_COMMON_BLOCKS = YES;
				GCC_OPTIMIZATION_LEVEL = 0;
				GCC_PREPROCESSOR_DEFINITIONS = (
					"DEBUG=1",
					"$(inherited)",
				);
				GCC_WARN_64_TO_32_BIT_CONVERSION = YES;
				GCC_WARN_ABOUT_RETURN_TYPE = YES_ERROR;
				GCC_WARN_UNDECLARED_SELECTOR = YES;
				GCC_WARN_UNINITIALIZED_AUTOS = YES_AGGRESSIVE;
				GCC_WARN_UNUSED_FUNCTION = YES;
				GCC_WARN_UNUSED_VARIABLE = YES;
				MACOSX_DEPLOYMENT_TARGET = 10.12;
				MTL_ENABLE_DEBUG_INFO = YES;
				ONLY_ACTIVE_ARCH = YES;
				SDKROOT = macosx;
				SWIFT_ACTIVE_COMPILATION_CONDITIONS = DEBUG;
				SWIFT_OPTIMIZATION_LEVEL = "-Onone";
			};
			name = Debug;
		};
		93BF3CB01EEDB27C00E04322 /* Release */ = {
			isa = XCBuildConfiguration;
			buildSettings = {
				ALWAYS_SEARCH_USER_PATHS = NO;
				CLANG_ANALYZER_NONNULL = YES;
				CLANG_ANALYZER_NUMBER_OBJECT_CONVERSION = YES_AGGRESSIVE;
				CLANG_CXX_LANGUAGE_STANDARD = "gnu++0x";
				CLANG_CXX_LIBRARY = "libc++";
				CLANG_ENABLE_MODULES = YES;
				CLANG_ENABLE_OBJC_ARC = YES;
				CLANG_WARN_BLOCK_CAPTURE_AUTORELEASING = YES;
				CLANG_WARN_BOOL_CONVERSION = YES;
				CLANG_WARN_COMMA = YES;
				CLANG_WARN_CONSTANT_CONVERSION = YES;
				CLANG_WARN_DIRECT_OBJC_ISA_USAGE = YES_ERROR;
				CLANG_WARN_DOCUMENTATION_COMMENTS = YES;
				CLANG_WARN_EMPTY_BODY = YES;
				CLANG_WARN_ENUM_CONVERSION = YES;
				CLANG_WARN_INFINITE_RECURSION = YES;
				CLANG_WARN_INT_CONVERSION = YES;
				CLANG_WARN_NON_LITERAL_NULL_CONVERSION = YES;
				CLANG_WARN_OBJC_LITERAL_CONVERSION = YES;
				CLANG_WARN_OBJC_ROOT_CLASS = YES_ERROR;
				CLANG_WARN_RANGE_LOOP_ANALYSIS = YES;
				CLANG_WARN_STRICT_PROTOTYPES = YES;
				CLANG_WARN_SUSPICIOUS_MOVE = YES;
				CLANG_WARN_UNREACHABLE_CODE = YES;
				CLANG_WARN__DUPLICATE_METHOD_MATCH = YES;
				CODE_SIGN_IDENTITY = "-";
				COPY_PHASE_STRIP = NO;
				DEBUG_INFORMATION_FORMAT = "dwarf-with-dsym";
				ENABLE_NS_ASSERTIONS = NO;
				ENABLE_STRICT_OBJC_MSGSEND = YES;
				GCC_C_LANGUAGE_STANDARD = gnu99;
				GCC_NO_COMMON_BLOCKS = YES;
				GCC_WARN_64_TO_32_BIT_CONVERSION = YES;
				GCC_WARN_ABOUT_RETURN_TYPE = YES_ERROR;
				GCC_WARN_UNDECLARED_SELECTOR = YES;
				GCC_WARN_UNINITIALIZED_AUTOS = YES_AGGRESSIVE;
				GCC_WARN_UNUSED_FUNCTION = YES;
				GCC_WARN_UNUSED_VARIABLE = YES;
				MACOSX_DEPLOYMENT_TARGET = 10.12;
				MTL_ENABLE_DEBUG_INFO = NO;
				SDKROOT = macosx;
				SWIFT_OPTIMIZATION_LEVEL = "-Owholemodule";
			};
			name = Release;
		};
		93BF3CB21EEDB27C00E04322 /* Debug */ = {
			isa = XCBuildConfiguration;
			buildSettings = {
				ALWAYS_EMBED_SWIFT_STANDARD_LIBRARIES = YES;
				ASSETCATALOG_COMPILER_APPICON_NAME = AppIcon;
				CODE_SIGN_IDENTITY = "Mac Developer";
				COMBINE_HIDPI_IMAGES = YES;
				DEVELOPMENT_TEAM = 666L949UND;
				INFOPLIST_FILE = NoSummaryForYou/Info.plist;
				LD_RUNPATH_SEARCH_PATHS = "$(inherited) @executable_path/../Frameworks";
				PRODUCT_BUNDLE_IDENTIFIER = se.cocoabeans.NoSummaryForYou;
				PRODUCT_NAME = "$(TARGET_NAME)";
				PROVISIONING_PROFILE_SPECIFIER = "";
				SWIFT_SWIFT3_OBJC_INFERENCE = Default;
				SWIFT_VERSION = 4.0;
			};
			name = Debug;
		};
		93BF3CB31EEDB27C00E04322 /* Release */ = {
			isa = XCBuildConfiguration;
			buildSettings = {
				ALWAYS_EMBED_SWIFT_STANDARD_LIBRARIES = YES;
				ASSETCATALOG_COMPILER_APPICON_NAME = AppIcon;
				CODE_SIGN_IDENTITY = "Mac Developer";
				COMBINE_HIDPI_IMAGES = YES;
				DEVELOPMENT_TEAM = 666L949UND;
				INFOPLIST_FILE = NoSummaryForYou/Info.plist;
				LD_RUNPATH_SEARCH_PATHS = "$(inherited) @executable_path/../Frameworks";
				PRODUCT_BUNDLE_IDENTIFIER = se.cocoabeans.NoSummaryForYou;
				PRODUCT_NAME = "$(TARGET_NAME)";
				PROVISIONING_PROFILE_SPECIFIER = "";
				SWIFT_SWIFT3_OBJC_INFERENCE = Default;
				SWIFT_VERSION = 4.0;
			};
			name = Release;
		};
		93BF3CCF1EEDB2E200E04322 /* Debug */ = {
			isa = XCBuildConfiguration;
			buildSettings = {
				CODE_SIGN_ENTITLEMENTS = NoSummaryForYouSafariExtension/NoSummaryForYouSafariExtension.entitlements;
				CODE_SIGN_IDENTITY = "Mac Developer";
				DEVELOPMENT_TEAM = 666L949UND;
				INFOPLIST_FILE = NoSummaryForYouSafariExtension/Info.plist;
				LD_RUNPATH_SEARCH_PATHS = "$(inherited) @executable_path/../Frameworks @executable_path/../../../../Frameworks";
				PRODUCT_BUNDLE_IDENTIFIER = se.cocoabeans.NoSummaryForYou.NoSummaryForYouSafariExtension;
				PRODUCT_NAME = "$(TARGET_NAME)";
				PROVISIONING_PROFILE_SPECIFIER = "";
				SKIP_INSTALL = YES;
				SWIFT_SWIFT3_OBJC_INFERENCE = Default;
				SWIFT_VERSION = 4.0;
			};
			name = Debug;
		};
		93BF3CD01EEDB2E200E04322 /* Release */ = {
			isa = XCBuildConfiguration;
			buildSettings = {
				CODE_SIGN_ENTITLEMENTS = NoSummaryForYouSafariExtension/NoSummaryForYouSafariExtension.entitlements;
				CODE_SIGN_IDENTITY = "Mac Developer";
				DEVELOPMENT_TEAM = 666L949UND;
				INFOPLIST_FILE = NoSummaryForYouSafariExtension/Info.plist;
				LD_RUNPATH_SEARCH_PATHS = "$(inherited) @executable_path/../Frameworks @executable_path/../../../../Frameworks";
				PRODUCT_BUNDLE_IDENTIFIER = se.cocoabeans.NoSummaryForYou.NoSummaryForYouSafariExtension;
				PRODUCT_NAME = "$(TARGET_NAME)";
				PROVISIONING_PROFILE_SPECIFIER = "";
				SKIP_INSTALL = YES;
				SWIFT_SWIFT3_OBJC_INFERENCE = Default;
				SWIFT_VERSION = 4.0;
			};
			name = Release;
		};
/* End XCBuildConfiguration section */

/* Begin XCConfigurationList section */
		93BF3C9D1EEDB27C00E04322 /* Build configuration list for PBXProject "NoSummaryForYou" */ = {
			isa = XCConfigurationList;
			buildConfigurations = (
				93BF3CAF1EEDB27C00E04322 /* Debug */,
				93BF3CB01EEDB27C00E04322 /* Release */,
			);
			defaultConfigurationIsVisible = 0;
			defaultConfigurationName = Release;
		};
		93BF3CB11EEDB27C00E04322 /* Build configuration list for PBXNativeTarget "NoSummaryForYou" */ = {
			isa = XCConfigurationList;
			buildConfigurations = (
				93BF3CB21EEDB27C00E04322 /* Debug */,
				93BF3CB31EEDB27C00E04322 /* Release */,
			);
			defaultConfigurationIsVisible = 0;
			defaultConfigurationName = Release;
		};
		93BF3CCE1EEDB2E200E04322 /* Build configuration list for PBXNativeTarget "NoSummaryForYouSafariExtension" */ = {
			isa = XCConfigurationList;
			buildConfigurations = (
				93BF3CCF1EEDB2E200E04322 /* Debug */,
				93BF3CD01EEDB2E200E04322 /* Release */,
			);
			defaultConfigurationIsVisible = 0;
			defaultConfigurationName = Release;
		};
/* End XCConfigurationList section */
	};
	rootObject = 93BF3C9A1EEDB27C00E04322 /* Project object */;
}
